
Microsoft Visual Studio Solution File, Format Version 12.00
# Visual Studio Version 17
VisualStudioVersion = 17.13.35825.156 d17.13
MinimumVisualStudioVersion = 10.0.40219.1
Project("{FAE04EC0-301F-11D3-BF4B-00C04F79EFBC}") = "book2", "book2\book2.csproj", "{1E00A104-33A7-4453-B4F1-68C77EF869CC}"
EndProject
Global
	GlobalSection(SolutionConfigurationPlatforms) = preSolution
		Debug|Any CPU = Debug|Any CPU
		Release|Any CPU = Release|Any CPU
	EndGlobalSection
	GlobalSection(ProjectConfigurationPlatforms) = postSolution
		{1E00A104-33A7-4453-B4F1-68C77EF869CC}.Debug|Any CPU.ActiveCfg = Debug|Any CPU
		{1E00A104-33A7-4453-B4F1-68C77EF869CC}.Debug|Any CPU.Build.0 = Debug|Any CPU
		{1E00A104-33A7-4453-B4F1-68C77EF869CC}.Release|Any CPU.ActiveCfg = Release|Any CPU
		{1E00A104-33A7-4453-B4F1-68C77EF869CC}.Release|Any CPU.Build.0 = Release|Any CPU
	EndGlobalSection
	GlobalSection(SolutionProperties) = preSolution
		HideSolutionNode = FALSE
	EndGlobalSection
	GlobalSection(ExtensibilityGlobals) = postSolution
		SolutionGuid = {957D1739-9A9D-4E6C-8A73-D99E411CDEB5}
	EndGlobalSection
EndGlobal
